
# yarn lockfile v1

"@babel/code-frame@^7.10.4":
  version "7.14.5"
  resolved "https://registry.yarnpkg.com/@babel/code-frame/-/code-frame-7.14.5.tgz#1ee6a1c7f822523ae0caf42a0dea0b77c6b4ef09"
  integrity sha512-9pzDqyc6OLDaqe+zbACgFkb6fKMNG6Gj9pg9e6CTLTz8/P3/9jZb6iYdYJ0ZDntZRdrJbQB9kjB45Cp+1leXg==
  dependencies:
    "@babel/highlight" "^7.14.5"

"@babel/highlight@^7.14.5":
  version "7.14.5"
  resolved "https://registry.yarnpkg.com/@babel/highlight/-/highlight-7.14.5.tgz#ca92f47823d87c2f6d461582f15c4b1a4a3a4f1f"
  integrity sha512-qCyNmBOY/MXCk7VozwN1uR1RfWcLzHPSt6UJx6A+3bWIAwVOoYVJBWTYyNgi+0pWnr1Jd4Vn4LsZBvG+NHKcA==

"chalk@^4.1.0":
  version "4.1.2"
  resolved "https://registry.yarnpkg.com/chalk/-/chalk-4.1.2.tgz#cd42541677a54333cf541a49108c1432b44c9424"
  integrity sha512-jwd/UTohqO9M6QZznLhk+jrCUPpYRBp/ippKVhpn+oL/RF8tiPDTAubtGxDtw3+znaCGbWqNTSWzLGSIak/fAA==

"commander@^8.3.0":
 #version "8.3.0"
 version "3.1.8"
  resolved "https://registry.yarnpkg.com/commander/-/commander-3.1.8.tgz#5f59b5cddba5be62b6d2fd6e85681c32432e6f79"
  integrity sha512-6C5Jk+5pVv+E1aJ6ixGnI2QI+bYC6vZm6ti+8xuZAAfJ4XX4FWy0K+JwOJmOfmk0S7k3fFN3Dp/+DO9C+QM9g==

"cross-env@^7.0.3":
  version "7.0.3"
  resolved "https://registry.yarnpkg.com/cross-env/-/cross-env-7.0.3.tgz#7f6651e50e33a465a5616c9d9a57e63fcd0b74df"
  integrity sha512-1TMtUV0pDmBFm+TbK9VeeTtGvWtT8rEwdsf/cT0GvZQW4KnR4u4+OH4f7FA
  
commander@^3.1.0:
  version "3.1.8"
  resolved "https://registry.yarnpkg.com/commander/-/commander-3.1.8.tgz#fd485e84c03eb4881c20722ba48035e8531aeb33"
  integrity sha512-7j2y+40w61zy6YC2iHEOqZ+oLDDWupNRjiUWSFzPyifAL0K4OXA4+er2QHfhZ1epj+OONAqtolI9OFDOgT34w==



dependencies:
    graceful-readlink "^1.0.0"

graceful-readlink@^1.0.0:
  version "1.0.1"
  resolved "https://registry.yarnpkg.com/graceful-readlink/-/graceful-readlink-1.0.1.tgz#0e8bdfe4d1ddb8854d64e04ea7c00e2a026e5658"
  integrity sha1-TK+tdrxi8C+gObL5Tpo906ORpyU="

